Microsoft Visual Studio Solution File, Format Version 12.00
# Visual Studio 2013
VisualStudioVersion = 12.0.30501.0
MinimumVisualStudioVersion = 10.0.40219.1
Project("{8BC9CEB8-8B4A-11D0-8D11-00A0C91BC942}") = "decode_matrix_conn_gen_individualg_ragged_kernel", "decode_matrix_conn_gen_individualg_ragged_kernel.vcxproj", "{396D13F8-828D-452C-8FF6-E27BE9413CD9}"
	ProjectSection(ProjectDependencies) = postProject
		{05FA29D9-FF28-41BD-AAA7-808941EB9B26} = {05FA29D9-FF28-41BD-AAA7-808941EB9B26}
	EndProjectSection
EndProject
Project("{8BC9CEB8-8B4A-11D0-8D11-00A0C91BC942}") = "runner", "decode_matrix_conn_gen_individualg_ragged_kernel_CODE\runner.vcxproj", "{05FA29D9-FF28-41BD-AAA7-808941EB9B26}"
EndProject
Global
	GlobalSection(SolutionConfigurationPlatforms) = preSolution
		Debug|x64 = Debug|x64
		Release|x64 = Release|x64
	EndGlobalSection
	GlobalSection(ProjectConfigurationPlatforms) = postSolution
		{396D13F8-828D-452C-8FF6-E27BE9413CD9}.Debug|x64.ActiveCfg = Debug|x64
		{396D13F8-828D-452C-8FF6-E27BE9413CD9}.Debug|x64.Build.0 = Debug|x64
		{396D13F8-828D-452C-8FF6-E27BE9413CD9}.Release|x64.ActiveCfg = Release|x64
		{396D13F8-828D-452C-8FF6-E27BE9413CD9}.Release|x64.Build.0 = Release|x64
		{05FA29D9-FF28-41BD-AAA7-808941EB9B26}.Debug|x64.ActiveCfg = Debug|x64
		{05FA29D9-FF28-41BD-AAA7-808941EB9B26}.Debug|x64.Build.0 = Debug|x64
		{05FA29D9-FF28-41BD-AAA7-808941EB9B26}.Release|x64.ActiveCfg = Release|x64
		{05FA29D9-FF28-41BD-AAA7-808941EB9B26}.Release|x64.Build.0 = Release|x64
	EndGlobalSection
	GlobalSection(SolutionProperties) = preSolution
		HideSolutionNode = FALSE
	EndGlobalSection
EndGlobal
