Microsoft Visual Studio Solution File, Format Version 12.00
# Visual Studio 2013
VisualStudioVersion = 12.0.30501.0
MinimumVisualStudioVersion = 10.0.40219.1
Project("{8BC9CEB8-8B4A-11D0-8D11-00A0C91BC942}") = "pre_output_decode_matrix_post_learn_individualg_dense", "pre_output_decode_matrix_post_learn_individualg_dense.vcxproj", "{43FFE605-6CE0-407A-A301-392210A4E20D}"
	ProjectSection(ProjectDependencies) = postProject
		{51307D3B-A9B2-4DF5-BE94-46D13DB2944} = {51307D3B-A9B2-4DF5-BE94-46D13DB2944}
	EndProjectSection
EndProject
Project("{8BC9CEB8-8B4A-11D0-8D11-00A0C91BC942}") = "runner", "pre_output_decode_matrix_post_learn_individualg_dense_CODE\runner.vcxproj", "{51307D3B-A9B2-4DF5-BE94-46D13DB2944}"
EndProject
Global
	GlobalSection(SolutionConfigurationPlatforms) = preSolution
		Debug|x64 = Debug|x64
		Release|x64 = Release|x64
	EndGlobalSection
	GlobalSection(ProjectConfigurationPlatforms) = postSolution
		{43FFE605-6CE0-407A-A301-392210A4E20D}.Debug|x64.ActiveCfg = Debug|x64
		{43FFE605-6CE0-407A-A301-392210A4E20D}.Debug|x64.Build.0 = Debug|x64
		{43FFE605-6CE0-407A-A301-392210A4E20D}.Release|x64.ActiveCfg = Release|x64
		{43FFE605-6CE0-407A-A301-392210A4E20D}.Release|x64.Build.0 = Release|x64
		{51307D3B-A9B2-4DF5-BE94-46D13DB2944}.Debug|x64.ActiveCfg = Debug|x64
		{51307D3B-A9B2-4DF5-BE94-46D13DB2944}.Debug|x64.Build.0 = Debug|x64
		{51307D3B-A9B2-4DF5-BE94-46D13DB2944}.Release|x64.ActiveCfg = Release|x64
		{51307D3B-A9B2-4DF5-BE94-46D13DB2944}.Release|x64.Build.0 = Release|x64
	EndGlobalSection
	GlobalSection(SolutionProperties) = preSolution
		HideSolutionNode = FALSE
	EndGlobalSection
EndGlobal
