Microsoft Visual Studio Solution File, Format Version 12.00
# Visual Studio 2013
VisualStudioVersion = 12.0.30501.0
MinimumVisualStudioVersion = 10.0.40219.1
Project("{8BC9CEB8-8B4A-11D0-8D11-00A0C91BC942}") = "post_wu_vars_in_synapse_dynamics", "post_wu_vars_in_synapse_dynamics.vcxproj", "{FD37EFA1-D030-42D9-9C21-9F302AE3FC91}"
	ProjectSection(ProjectDependencies) = postProject
		{5720AAC7-B683-40A0-B6F1-C725BBA9EE77} = {5720AAC7-B683-40A0-B6F1-C725BBA9EE77}
	EndProjectSection
EndProject
Project("{8BC9CEB8-8B4A-11D0-8D11-00A0C91BC942}") = "runner", "post_wu_vars_in_synapse_dynamics_CODE\runner.vcxproj", "{5720AAC7-B683-40A0-B6F1-C725BBA9EE77}"
EndProject
Global
	GlobalSection(SolutionConfigurationPlatforms) = preSolution
		Debug|x64 = Debug|x64
		Release|x64 = Release|x64
	EndGlobalSection
	GlobalSection(ProjectConfigurationPlatforms) = postSolution
		{FD37EFA1-D030-42D9-9C21-9F302AE3FC91}.Debug|x64.ActiveCfg = Debug|x64
		{FD37EFA1-D030-42D9-9C21-9F302AE3FC91}.Debug|x64.Build.0 = Debug|x64
		{FD37EFA1-D030-42D9-9C21-9F302AE3FC91}.Release|x64.ActiveCfg = Release|x64
		{FD37EFA1-D030-42D9-9C21-9F302AE3FC91}.Release|x64.Build.0 = Release|x64
		{5720AAC7-B683-40A0-B6F1-C725BBA9EE77}.Debug|x64.ActiveCfg = Debug|x64
		{5720AAC7-B683-40A0-B6F1-C725BBA9EE77}.Debug|x64.Build.0 = Debug|x64
		{5720AAC7-B683-40A0-B6F1-C725BBA9EE77}.Release|x64.ActiveCfg = Release|x64
		{5720AAC7-B683-40A0-B6F1-C725BBA9EE77}.Release|x64.Build.0 = Release|x64
	EndGlobalSection
	GlobalSection(SolutionProperties) = preSolution
		HideSolutionNode = FALSE
	EndGlobalSection
EndGlobal
