Microsoft Visual Studio Solution File, Format Version 12.00
# Visual Studio 2013
VisualStudioVersion = 12.0.30501.0
MinimumVisualStudioVersion = 10.0.40219.1
Project("{8BC9CEB8-8B4A-11D0-8D11-00A0C91BC942}") = "decode_shared_matrix_individualg_dense", "decode_shared_matrix_individualg_dense.vcxproj", "{47A6DE96-BFC9-457F-9F7E-A981AB48D66F}"
	ProjectSection(ProjectDependencies) = postProject
		{245A1A31-25C7-4CF7-BE5B-5D85FA8BAF28} = {245A1A31-25C7-4CF7-BE5B-5D85FA8BAF28}
	EndProjectSection
EndProject
Project("{8BC9CEB8-8B4A-11D0-8D11-00A0C91BC942}") = "runner", "decode_shared_matrix_individualg_dense_CODE\runner.vcxproj", "{245A1A31-25C7-4CF7-BE5B-5D85FA8BAF28}"
EndProject
Global
	GlobalSection(SolutionConfigurationPlatforms) = preSolution
		Debug|x64 = Debug|x64
		Release|x64 = Release|x64
	EndGlobalSection
	GlobalSection(ProjectConfigurationPlatforms) = postSolution
		{47A6DE96-BFC9-457F-9F7E-A981AB48D66F}.Debug|x64.ActiveCfg = Debug|x64
		{47A6DE96-BFC9-457F-9F7E-A981AB48D66F}.Debug|x64.Build.0 = Debug|x64
		{47A6DE96-BFC9-457F-9F7E-A981AB48D66F}.Release|x64.ActiveCfg = Release|x64
		{47A6DE96-BFC9-457F-9F7E-A981AB48D66F}.Release|x64.Build.0 = Release|x64
		{245A1A31-25C7-4CF7-BE5B-5D85FA8BAF28}.Debug|x64.ActiveCfg = Debug|x64
		{245A1A31-25C7-4CF7-BE5B-5D85FA8BAF28}.Debug|x64.Build.0 = Debug|x64
		{245A1A31-25C7-4CF7-BE5B-5D85FA8BAF28}.Release|x64.ActiveCfg = Release|x64
		{245A1A31-25C7-4CF7-BE5B-5D85FA8BAF28}.Release|x64.Build.0 = Release|x64
	EndGlobalSection
	GlobalSection(SolutionProperties) = preSolution
		HideSolutionNode = FALSE
	EndGlobalSection
EndGlobal
