
Microsoft Visual Studio Solution File, Format Version 12.00
# Visual Studio Version 16
VisualStudioVersion = 16.0.29519.87
MinimumVisualStudioVersion = 10.0.40219.1
Project("{8BC9CEB8-8B4A-11D0-8D11-00A0C91BC942}") = "genn", "src\genn\genn\genn.vcxproj", "{A793E397-1D2F-4E81-8D10-0776A1EBA6DB}"
EndProject
Project("{8BC9CEB8-8B4A-11D0-8D11-00A0C91BC942}") = "single_threaded_cpu_backend", "src\genn\backends\single_threaded_cpu\single_threaded_cpu_backend.vcxproj", "{14E2399B-B5DB-4F3F-AFF5-8CB4E92E5C21}"
	ProjectSection(ProjectDependencies) = postProject
		{A793E397-1D2F-4E81-8D10-0776A1EBA6DB} = {A793E397-1D2F-4E81-8D10-0776A1EBA6DB}
	EndProjectSection
EndProject
Project("{8BC9CEB8-8B4A-11D0-8D11-00A0C91BC942}") = "cuda_backend", "src\genn\backends\cuda\cuda_backend.vcxproj", "{F7026BD9-7181-4F28-A2F0-41C41FAC1018}"
	ProjectSection(ProjectDependencies) = postProject
		{A793E397-1D2F-4E81-8D10-0776A1EBA6DB} = {A793E397-1D2F-4E81-8D10-0776A1EBA6DB}
	EndProjectSection
EndProject
Project("{8BC9CEB8-8B4A-11D0-8D11-00A0C91BC942}") = "opencl_backend", "src\genn\backends\opencl\opencl_backend.vcxproj", "{10E3EBC9-618C-4598-9B38-84144C1BD1A9}"
EndProject
Global
	GlobalSection(SolutionConfigurationPlatforms) = preSolution
		Debug_DLL|x64 = Debug_DLL|x64
		Debug|x64 = Debug|x64
		Release_DLL|x64 = Release_DLL|x64
		Release|x64 = Release|x64
	EndGlobalSection
	GlobalSection(ProjectConfigurationPlatforms) = postSolution
		{A793E397-1D2F-4E81-8D10-0776A1EBA6DB}.Debug_DLL|x64.ActiveCfg = Debug_DLL|x64
		{A793E397-1D2F-4E81-8D10-0776A1EBA6DB}.Debug_DLL|x64.Build.0 = Debug_DLL|x64
		{A793E397-1D2F-4E81-8D10-0776A1EBA6DB}.Debug|x64.ActiveCfg = Debug|x64
		{A793E397-1D2F-4E81-8D10-0776A1EBA6DB}.Debug|x64.Build.0 = Debug|x64
		{A793E397-1D2F-4E81-8D10-0776A1EBA6DB}.Release_DLL|x64.ActiveCfg = Release_DLL|x64
		{A793E397-1D2F-4E81-8D10-0776A1EBA6DB}.Release_DLL|x64.Build.0 = Release_DLL|x64
		{A793E397-1D2F-4E81-8D10-0776A1EBA6DB}.Release|x64.ActiveCfg = Release|x64
		{A793E397-1D2F-4E81-8D10-0776A1EBA6DB}.Release|x64.Build.0 = Release|x64
		{14E2399B-B5DB-4F3F-AFF5-8CB4E92E5C21}.Debug_DLL|x64.ActiveCfg = Debug_DLL|x64
		{14E2399B-B5DB-4F3F-AFF5-8CB4E92E5C21}.Debug_DLL|x64.Build.0 = Debug_DLL|x64
		{14E2399B-B5DB-4F3F-AFF5-8CB4E92E5C21}.Debug|x64.ActiveCfg = Debug|x64
		{14E2399B-B5DB-4F3F-AFF5-8CB4E92E5C21}.Debug|x64.Build.0 = Debug|x64
		{14E2399B-B5DB-4F3F-AFF5-8CB4E92E5C21}.Release_DLL|x64.ActiveCfg = Release_DLL|x64
		{14E2399B-B5DB-4F3F-AFF5-8CB4E92E5C21}.Release_DLL|x64.Build.0 = Release_DLL|x64
		{14E2399B-B5DB-4F3F-AFF5-8CB4E92E5C21}.Release|x64.ActiveCfg = Release|x64
		{14E2399B-B5DB-4F3F-AFF5-8CB4E92E5C21}.Release|x64.Build.0 = Release|x64
		{F7026BD9-7181-4F28-A2F0-41C41FAC1018}.Debug_DLL|x64.ActiveCfg = Debug_DLL|x64
		{F7026BD9-7181-4F28-A2F0-41C41FAC1018}.Debug_DLL|x64.Build.0 = Debug_DLL|x64
		{F7026BD9-7181-4F28-A2F0-41C41FAC1018}.Debug|x64.ActiveCfg = Debug|x64
		{F7026BD9-7181-4F28-A2F0-41C41FAC1018}.Debug|x64.Build.0 = Debug|x64
		{F7026BD9-7181-4F28-A2F0-41C41FAC1018}.Release_DLL|x64.ActiveCfg = Release_DLL|x64
		{F7026BD9-7181-4F28-A2F0-41C41FAC1018}.Release_DLL|x64.Build.0 = Release_DLL|x64
		{F7026BD9-7181-4F28-A2F0-41C41FAC1018}.Release|x64.ActiveCfg = Release|x64
		{F7026BD9-7181-4F28-A2F0-41C41FAC1018}.Release|x64.Build.0 = Release|x64
		{10E3EBC9-618C-4598-9B38-84144C1BD1A9}.Debug_DLL|x64.ActiveCfg = Debug_DLL|x64
		{10E3EBC9-618C-4598-9B38-84144C1BD1A9}.Debug_DLL|x64.Build.0 = Debug_DLL|x64
		{10E3EBC9-618C-4598-9B38-84144C1BD1A9}.Debug|x64.ActiveCfg = Debug|x64
		{10E3EBC9-618C-4598-9B38-84144C1BD1A9}.Debug|x64.Build.0 = Debug|x64
		{10E3EBC9-618C-4598-9B38-84144C1BD1A9}.Release_DLL|x64.ActiveCfg = Release_DLL|x64
		{10E3EBC9-618C-4598-9B38-84144C1BD1A9}.Release_DLL|x64.Build.0 = Release_DLL|x64
		{10E3EBC9-618C-4598-9B38-84144C1BD1A9}.Release|x64.ActiveCfg = Release|x64
		{10E3EBC9-618C-4598-9B38-84144C1BD1A9}.Release|x64.Build.0 = Release|x64
	EndGlobalSection
	GlobalSection(SolutionProperties) = preSolution
		HideSolutionNode = FALSE
	EndGlobalSection
	GlobalSection(ExtensibilityGlobals) = postSolution
		SolutionGuid = {CAE78054-3906-4195-8123-FAE9C36DB2E3}
	EndGlobalSection
EndGlobal
