
Microsoft Visual Studio Solution File, Format Version 12.00
# Visual Studio 2013
VisualStudioVersion = 12.0.30501.0
MinimumVisualStudioVersion = 10.0.40219.1
Project("{8BC9CEB8-8B4A-11D0-8D11-00A0C91BC942}") = "spineml_simulator", "src\spineml\simulator\spineml_simulator.vcxproj", "{8FBF8A36-6935-4FCD-A2B4-CF3D927203BE}"
	ProjectSection(ProjectDependencies) = postProject
		{63424AC3-404B-4F72-8E94-0342524A966B} = {63424AC3-404B-4F72-8E94-0342524A966B}
	EndProjectSection
EndProject
Project("{8BC9CEB8-8B4A-11D0-8D11-00A0C91BC942}") = "spineml_generator", "src\spineml\generator\spineml_generator.vcxproj", "{C7A136E7-6B8B-4A3A-A598-CAD396AE0E3C}"
	ProjectSection(ProjectDependencies) = postProject
		{63424AC3-404B-4F72-8E94-0342524A966B} = {63424AC3-404B-4F72-8E94-0342524A966B}
	EndProjectSection
EndProject
Project("{8BC9CEB8-8B4A-11D0-8D11-00A0C91BC942}") = "spineml_common", "src\spineml\common\spineml_common.vcxproj", "{63424AC3-404B-4F72-8E94-0342524A966B}"
EndProject
Project("{8BC9CEB8-8B4A-11D0-8D11-00A0C91BC942}") = "spineml_standalone_simulator", "src\spineml\standalone_simulator\spineml_standalone_simulator.vcxproj", "{549424F0-60AD-45AE-AAEB-BDDFD141E716}"
	ProjectSection(ProjectDependencies) = postProject
		{8FBF8A36-6935-4FCD-A2B4-CF3D927203BE} = {8FBF8A36-6935-4FCD-A2B4-CF3D927203BE}
		{63424AC3-404B-4F72-8E94-0342524A966B} = {63424AC3-404B-4F72-8E94-0342524A966B}
	EndProjectSection
EndProject
Global
	GlobalSection(SolutionConfigurationPlatforms) = preSolution
		Debug_CUDA|x64 = Debug_CUDA|x64
		Debug_OpenCL|x64 = Debug_OpenCL|x64
		Debug|x64 = Debug|x64
		Release_CUDA|x64 = Release_CUDA|x64
		Release_OpenCL|x64 = Release_OpenCL|x64
		Release|x64 = Release|x64
	EndGlobalSection
	GlobalSection(ProjectConfigurationPlatforms) = postSolution
		{8FBF8A36-6935-4FCD-A2B4-CF3D927203BE}.Debug_CUDA|x64.ActiveCfg = Debug|x64
		{8FBF8A36-6935-4FCD-A2B4-CF3D927203BE}.Debug_CUDA|x64.Build.0 = Debug|x64
		{8FBF8A36-6935-4FCD-A2B4-CF3D927203BE}.Debug_OpenCL|x64.ActiveCfg = Debug|x64
		{8FBF8A36-6935-4FCD-A2B4-CF3D927203BE}.Debug_OpenCL|x64.Build.0 = Debug|x64
		{8FBF8A36-6935-4FCD-A2B4-CF3D927203BE}.Debug|x64.ActiveCfg = Debug|x64
		{8FBF8A36-6935-4FCD-A2B4-CF3D927203BE}.Debug|x64.Build.0 = Debug|x64
		{8FBF8A36-6935-4FCD-A2B4-CF3D927203BE}.Release_CUDA|x64.ActiveCfg = Release|x64
		{8FBF8A36-6935-4FCD-A2B4-CF3D927203BE}.Release_CUDA|x64.Build.0 = Release|x64
		{8FBF8A36-6935-4FCD-A2B4-CF3D927203BE}.Release_OpenCL|x64.ActiveCfg = Release|x64
		{8FBF8A36-6935-4FCD-A2B4-CF3D927203BE}.Release_OpenCL|x64.Build.0 = Release|x64
		{8FBF8A36-6935-4FCD-A2B4-CF3D927203BE}.Release|x64.ActiveCfg = Release|x64
		{8FBF8A36-6935-4FCD-A2B4-CF3D927203BE}.Release|x64.Build.0 = Release|x64
		{C7A136E7-6B8B-4A3A-A598-CAD396AE0E3C}.Debug_CUDA|x64.ActiveCfg = Debug_CUDA|x64
		{C7A136E7-6B8B-4A3A-A598-CAD396AE0E3C}.Debug_CUDA|x64.Build.0 = Debug_CUDA|x64
		{C7A136E7-6B8B-4A3A-A598-CAD396AE0E3C}.Debug_OpenCL|x64.ActiveCfg = Debug_OpenCL|x64
		{C7A136E7-6B8B-4A3A-A598-CAD396AE0E3C}.Debug_OpenCL|x64.Build.0 = Debug_OpenCL|x64
		{C7A136E7-6B8B-4A3A-A598-CAD396AE0E3C}.Debug|x64.ActiveCfg = Debug|x64
		{C7A136E7-6B8B-4A3A-A598-CAD396AE0E3C}.Debug|x64.Build.0 = Debug|x64
		{C7A136E7-6B8B-4A3A-A598-CAD396AE0E3C}.Release_CUDA|x64.ActiveCfg = Release_CUDA|x64
		{C7A136E7-6B8B-4A3A-A598-CAD396AE0E3C}.Release_CUDA|x64.Build.0 = Release_CUDA|x64
		{C7A136E7-6B8B-4A3A-A598-CAD396AE0E3C}.Release_OpenCL|x64.ActiveCfg = Release_OpenCL|x64
		{C7A136E7-6B8B-4A3A-A598-CAD396AE0E3C}.Release_OpenCL|x64.Build.0 = Release_OpenCL|x64
		{C7A136E7-6B8B-4A3A-A598-CAD396AE0E3C}.Release|x64.ActiveCfg = Release|x64
		{C7A136E7-6B8B-4A3A-A598-CAD396AE0E3C}.Release|x64.Build.0 = Release|x64
		{63424AC3-404B-4F72-8E94-0342524A966B}.Debug_CUDA|x64.ActiveCfg = Debug|x64
		{63424AC3-404B-4F72-8E94-0342524A966B}.Debug_CUDA|x64.Build.0 = Debug|x64
		{63424AC3-404B-4F72-8E94-0342524A966B}.Debug_OpenCL|x64.ActiveCfg = Debug|x64
		{63424AC3-404B-4F72-8E94-0342524A966B}.Debug_OpenCL|x64.Build.0 = Debug|x64
		{63424AC3-404B-4F72-8E94-0342524A966B}.Debug|x64.ActiveCfg = Debug|x64
		{63424AC3-404B-4F72-8E94-0342524A966B}.Debug|x64.Build.0 = Debug|x64
		{63424AC3-404B-4F72-8E94-0342524A966B}.Release_CUDA|x64.ActiveCfg = Release|x64
		{63424AC3-404B-4F72-8E94-0342524A966B}.Release_CUDA|x64.Build.0 = Release|x64
		{63424AC3-404B-4F72-8E94-0342524A966B}.Release_OpenCL|x64.ActiveCfg = Release|x64
		{63424AC3-404B-4F72-8E94-0342524A966B}.Release_OpenCL|x64.Build.0 = Release|x64
		{63424AC3-404B-4F72-8E94-0342524A966B}.Release|x64.ActiveCfg = Release|x64
		{63424AC3-404B-4F72-8E94-0342524A966B}.Release|x64.Build.0 = Release|x64
		{549424F0-60AD-45AE-AAEB-BDDFD141E716}.Debug_CUDA|x64.ActiveCfg = Debug|x64
		{549424F0-60AD-45AE-AAEB-BDDFD141E716}.Debug_CUDA|x64.Build.0 = Debug|x64
		{549424F0-60AD-45AE-AAEB-BDDFD141E716}.Debug_OpenCL|x64.ActiveCfg = Debug|x64
		{549424F0-60AD-45AE-AAEB-BDDFD141E716}.Debug_OpenCL|x64.Build.0 = Debug|x64
		{549424F0-60AD-45AE-AAEB-BDDFD141E716}.Debug|x64.ActiveCfg = Debug|x64
		{549424F0-60AD-45AE-AAEB-BDDFD141E716}.Debug|x64.Build.0 = Debug|x64
		{549424F0-60AD-45AE-AAEB-BDDFD141E716}.Release_CUDA|x64.ActiveCfg = Release|x64
		{549424F0-60AD-45AE-AAEB-BDDFD141E716}.Release_CUDA|x64.Build.0 = Release|x64
		{549424F0-60AD-45AE-AAEB-BDDFD141E716}.Release_OpenCL|x64.ActiveCfg = Release|x64
		{549424F0-60AD-45AE-AAEB-BDDFD141E716}.Release_OpenCL|x64.Build.0 = Release|x64
		{549424F0-60AD-45AE-AAEB-BDDFD141E716}.Release|x64.ActiveCfg = Release|x64
		{549424F0-60AD-45AE-AAEB-BDDFD141E716}.Release|x64.Build.0 = Release|x64
	EndGlobalSection
	GlobalSection(SolutionProperties) = preSolution
		HideSolutionNode = FALSE
	EndGlobalSection
EndGlobal
