
Microsoft Visual Studio Solution File, Format Version 12.00
# Visual Studio Version 16
VisualStudioVersion = 16.0.29324.140
MinimumVisualStudioVersion = 10.0.40219.1
Project("{8BC9CEB8-8B4A-11D0-8D11-00A0C91BC942}") = "unit", "unit\unit.vcxproj", "{A202469A-9380-4F7E-B2A9-6FD1B52F2F91}"
EndProject
Global
	GlobalSection(SolutionConfigurationPlatforms) = preSolution
		Debug|x64 = Debug|x64
		Release|x64 = Release|x64
	EndGlobalSection
	GlobalSection(ProjectConfigurationPlatforms) = postSolution
		{A202469A-9380-4F7E-B2A9-6FD1B52F2F91}.Debug|x64.ActiveCfg = Debug|x64
		{A202469A-9380-4F7E-B2A9-6FD1B52F2F91}.Debug|x64.Build.0 = Debug|x64
		{A202469A-9380-4F7E-B2A9-6FD1B52F2F91}.Release|x64.ActiveCfg = Release|x64
		{A202469A-9380-4F7E-B2A9-6FD1B52F2F91}.Release|x64.Build.0 = Release|x64
	EndGlobalSection
	GlobalSection(SolutionProperties) = preSolution
		HideSolutionNode = FALSE
	EndGlobalSection
	GlobalSection(ExtensibilityGlobals) = postSolution
		SolutionGuid = {9575AD9D-49D1-4B12-A214-A0ECC22861FB}
	EndGlobalSection
EndGlobal
