Microsoft Visual Studio Solution File, Format Version 12.00
# Visual Studio 2013
VisualStudioVersion = 12.0.30501.0
MinimumVisualStudioVersion = 10.0.40219.1
Project("{8BC9CEB8-8B4A-11D0-8D11-00A0C91BC942}") = "custom_update_reduction_batch_one", "custom_update_reduction_batch_one.vcxproj", "{12A8594C-DB0D-4CBC-A46B-1B95374C48BC}"
	ProjectSection(ProjectDependencies) = postProject
		{A8C1EE07-9BBE-4EAD-82B8-8EF27D6B4913} = {A8C1EE07-9BBE-4EAD-82B8-8EF27D6B4913}
	EndProjectSection
EndProject
Project("{8BC9CEB8-8B4A-11D0-8D11-00A0C91BC942}") = "runner", "custom_update_reduction_batch_one_CODE\runner.vcxproj", "{A8C1EE07-9BBE-4EAD-82B8-8EF27D6B4913}"
EndProject
Global
	GlobalSection(SolutionConfigurationPlatforms) = preSolution
		Debug|x64 = Debug|x64
		Release|x64 = Release|x64
	EndGlobalSection
	GlobalSection(ProjectConfigurationPlatforms) = postSolution
		{12A8594C-DB0D-4CBC-A46B-1B95374C48BC}.Debug|x64.ActiveCfg = Debug|x64
		{12A8594C-DB0D-4CBC-A46B-1B95374C48BC}.Debug|x64.Build.0 = Debug|x64
		{12A8594C-DB0D-4CBC-A46B-1B95374C48BC}.Release|x64.ActiveCfg = Release|x64
		{12A8594C-DB0D-4CBC-A46B-1B95374C48BC}.Release|x64.Build.0 = Release|x64
		{A8C1EE07-9BBE-4EAD-82B8-8EF27D6B4913}.Debug|x64.ActiveCfg = Debug|x64
		{A8C1EE07-9BBE-4EAD-82B8-8EF27D6B4913}.Debug|x64.Build.0 = Debug|x64
		{A8C1EE07-9BBE-4EAD-82B8-8EF27D6B4913}.Release|x64.ActiveCfg = Release|x64
		{A8C1EE07-9BBE-4EAD-82B8-8EF27D6B4913}.Release|x64.Build.0 = Release|x64
	EndGlobalSection
	GlobalSection(SolutionProperties) = preSolution
		HideSolutionNode = FALSE
	EndGlobalSection
EndGlobal
