Microsoft Visual Studio Solution File, Format Version 12.00
# Visual Studio 2013
VisualStudioVersion = 12.0.30501.0
MinimumVisualStudioVersion = 10.0.40219.1
Project("{8BC9CEB8-8B4A-11D0-8D11-00A0C91BC942}") = "extra_global_psm_param", "extra_global_psm_param.vcxproj", "{DA4F636D-BA60-4C58-8C97-D7505BA2DC81}"
	ProjectSection(ProjectDependencies) = postProject
		{71C11462-C3E0-4E14-A966-DBBDB933D88} = {71C11462-C3E0-4E14-A966-DBBDB933D88}
	EndProjectSection
EndProject
Project("{8BC9CEB8-8B4A-11D0-8D11-00A0C91BC942}") = "runner", "extra_global_psm_param_CODE\runner.vcxproj", "{71C11462-C3E0-4E14-A966-DBBDB933D88}"
EndProject
Global
	GlobalSection(SolutionConfigurationPlatforms) = preSolution
		Debug|x64 = Debug|x64
		Release|x64 = Release|x64
	EndGlobalSection
	GlobalSection(ProjectConfigurationPlatforms) = postSolution
		{DA4F636D-BA60-4C58-8C97-D7505BA2DC81}.Debug|x64.ActiveCfg = Debug|x64
		{DA4F636D-BA60-4C58-8C97-D7505BA2DC81}.Debug|x64.Build.0 = Debug|x64
		{DA4F636D-BA60-4C58-8C97-D7505BA2DC81}.Release|x64.ActiveCfg = Release|x64
		{DA4F636D-BA60-4C58-8C97-D7505BA2DC81}.Release|x64.Build.0 = Release|x64
		{71C11462-C3E0-4E14-A966-DBBDB933D88}.Debug|x64.ActiveCfg = Debug|x64
		{71C11462-C3E0-4E14-A966-DBBDB933D88}.Debug|x64.Build.0 = Debug|x64
		{71C11462-C3E0-4E14-A966-DBBDB933D88}.Release|x64.ActiveCfg = Release|x64
		{71C11462-C3E0-4E14-A966-DBBDB933D88}.Release|x64.Build.0 = Release|x64
	EndGlobalSection
	GlobalSection(SolutionProperties) = preSolution
		HideSolutionNode = FALSE
	EndGlobalSection
EndGlobal
