Microsoft Visual Studio Solution File, Format Version 12.00
# Visual Studio 2013
VisualStudioVersion = 12.0.30501.0
MinimumVisualStudioVersion = 10.0.40219.1
Project("{8BC9CEB8-8B4A-11D0-8D11-00A0C91BC942}") = "decode_matrix_globalg_dense", "decode_matrix_globalg_dense.vcxproj", "{E3D71978-6C18-478C-BEBC-F5FCE4BED883}"
	ProjectSection(ProjectDependencies) = postProject
		{E6A85F85-27A2-40D4-A1BA-D22A373483E8} = {E6A85F85-27A2-40D4-A1BA-D22A373483E8}
	EndProjectSection
EndProject
Project("{8BC9CEB8-8B4A-11D0-8D11-00A0C91BC942}") = "runner", "decode_matrix_globalg_dense_CODE\runner.vcxproj", "{E6A85F85-27A2-40D4-A1BA-D22A373483E8}"
EndProject
Global
	GlobalSection(SolutionConfigurationPlatforms) = preSolution
		Debug|x64 = Debug|x64
		Release|x64 = Release|x64
	EndGlobalSection
	GlobalSection(ProjectConfigurationPlatforms) = postSolution
		{E3D71978-6C18-478C-BEBC-F5FCE4BED883}.Debug|x64.ActiveCfg = Debug|x64
		{E3D71978-6C18-478C-BEBC-F5FCE4BED883}.Debug|x64.Build.0 = Debug|x64
		{E3D71978-6C18-478C-BEBC-F5FCE4BED883}.Release|x64.ActiveCfg = Release|x64
		{E3D71978-6C18-478C-BEBC-F5FCE4BED883}.Release|x64.Build.0 = Release|x64
		{E6A85F85-27A2-40D4-A1BA-D22A373483E8}.Debug|x64.ActiveCfg = Debug|x64
		{E6A85F85-27A2-40D4-A1BA-D22A373483E8}.Debug|x64.Build.0 = Debug|x64
		{E6A85F85-27A2-40D4-A1BA-D22A373483E8}.Release|x64.ActiveCfg = Release|x64
		{E6A85F85-27A2-40D4-A1BA-D22A373483E8}.Release|x64.Build.0 = Release|x64
	EndGlobalSection
	GlobalSection(SolutionProperties) = preSolution
		HideSolutionNode = FALSE
	EndGlobalSection
EndGlobal
