Microsoft Visual Studio Solution File, Format Version 12.00
# Visual Studio 2013
VisualStudioVersion = 12.0.30501.0
MinimumVisualStudioVersion = 10.0.40219.1
Project("{8BC9CEB8-8B4A-11D0-8D11-00A0C91BC942}") = "MBody1", "MBody1.vcxproj", "{FDA37372-136A-4FD3-BDD9-2CB6FDA1D258}"
	ProjectSection(ProjectDependencies) = postProject
		{E02B3CA2-917A-42B3-9975-DF6F843B68D3} = {E02B3CA2-917A-42B3-9975-DF6F843B68D3}
	EndProjectSection
EndProject
Project("{8BC9CEB8-8B4A-11D0-8D11-00A0C91BC942}") = "runner", "MBody1_CODE\runner.vcxproj", "{E02B3CA2-917A-42B3-9975-DF6F843B68D3}"
EndProject
Global
	GlobalSection(SolutionConfigurationPlatforms) = preSolution
		Debug|x64 = Debug|x64
		Release|x64 = Release|x64
	EndGlobalSection
	GlobalSection(ProjectConfigurationPlatforms) = postSolution
		{FDA37372-136A-4FD3-BDD9-2CB6FDA1D258}.Debug|x64.ActiveCfg = Debug|x64
		{FDA37372-136A-4FD3-BDD9-2CB6FDA1D258}.Debug|x64.Build.0 = Debug|x64
		{FDA37372-136A-4FD3-BDD9-2CB6FDA1D258}.Release|x64.ActiveCfg = Release|x64
		{FDA37372-136A-4FD3-BDD9-2CB6FDA1D258}.Release|x64.Build.0 = Release|x64
		{E02B3CA2-917A-42B3-9975-DF6F843B68D3}.Debug|x64.ActiveCfg = Debug|x64
		{E02B3CA2-917A-42B3-9975-DF6F843B68D3}.Debug|x64.Build.0 = Debug|x64
		{E02B3CA2-917A-42B3-9975-DF6F843B68D3}.Release|x64.ActiveCfg = Release|x64
		{E02B3CA2-917A-42B3-9975-DF6F843B68D3}.Release|x64.Build.0 = Release|x64
	EndGlobalSection
	GlobalSection(SolutionProperties) = preSolution
		HideSolutionNode = FALSE
	EndGlobalSection
EndGlobal
