Microsoft Visual Studio Solution File, Format Version 12.00
# Visual Studio 2013
VisualStudioVersion = 12.0.30501.0
MinimumVisualStudioVersion = 10.0.40219.1
Project("{8BC9CEB8-8B4A-11D0-8D11-00A0C91BC942}") = "decode_matrix_globalg_bitmask", "decode_matrix_globalg_bitmask.vcxproj", "{BEBD9D58-F67D-4497-9C8F-6B2AC8FB511F}"
	ProjectSection(ProjectDependencies) = postProject
		{B2458081-1A60-4993-B5CF-B999B8F91CDC} = {B2458081-1A60-4993-B5CF-B999B8F91CDC}
	EndProjectSection
EndProject
Project("{8BC9CEB8-8B4A-11D0-8D11-00A0C91BC942}") = "runner", "decode_matrix_globalg_bitmask_CODE\runner.vcxproj", "{B2458081-1A60-4993-B5CF-B999B8F91CDC}"
EndProject
Global
	GlobalSection(SolutionConfigurationPlatforms) = preSolution
		Debug|x64 = Debug|x64
		Release|x64 = Release|x64
	EndGlobalSection
	GlobalSection(ProjectConfigurationPlatforms) = postSolution
		{BEBD9D58-F67D-4497-9C8F-6B2AC8FB511F}.Debug|x64.ActiveCfg = Debug|x64
		{BEBD9D58-F67D-4497-9C8F-6B2AC8FB511F}.Debug|x64.Build.0 = Debug|x64
		{BEBD9D58-F67D-4497-9C8F-6B2AC8FB511F}.Release|x64.ActiveCfg = Release|x64
		{BEBD9D58-F67D-4497-9C8F-6B2AC8FB511F}.Release|x64.Build.0 = Release|x64
		{B2458081-1A60-4993-B5CF-B999B8F91CDC}.Debug|x64.ActiveCfg = Debug|x64
		{B2458081-1A60-4993-B5CF-B999B8F91CDC}.Debug|x64.Build.0 = Debug|x64
		{B2458081-1A60-4993-B5CF-B999B8F91CDC}.Release|x64.ActiveCfg = Release|x64
		{B2458081-1A60-4993-B5CF-B999B8F91CDC}.Release|x64.Build.0 = Release|x64
	EndGlobalSection
	GlobalSection(SolutionProperties) = preSolution
		HideSolutionNode = FALSE
	EndGlobalSection
EndGlobal
