Microsoft Visual Studio Solution File, Format Version 12.00
# Visual Studio 2013
VisualStudioVersion = 12.0.30501.0
MinimumVisualStudioVersion = 10.0.40219.1
Project("{8BC9CEB8-8B4A-11D0-8D11-00A0C91BC942}") = "IzhSparse", "IzhSparse.vcxproj", "{19F16BBA-AF37-4EC6-A36A-9D76F0C5953F}"
	ProjectSection(ProjectDependencies) = postProject
		{08803B89-09F8-4D53-A884-2F6F26ADD5E} = {08803B89-09F8-4D53-A884-2F6F26ADD5E}
	EndProjectSection
EndProject
Project("{8BC9CEB8-8B4A-11D0-8D11-00A0C91BC942}") = "runner", "IzhSparse_CODE\runner.vcxproj", "{08803B89-09F8-4D53-A884-2F6F26ADD5E}"
EndProject
Global
	GlobalSection(SolutionConfigurationPlatforms) = preSolution
		Debug|x64 = Debug|x64
		Release|x64 = Release|x64
	EndGlobalSection
	GlobalSection(ProjectConfigurationPlatforms) = postSolution
		{19F16BBA-AF37-4EC6-A36A-9D76F0C5953F}.Debug|x64.ActiveCfg = Debug|x64
		{19F16BBA-AF37-4EC6-A36A-9D76F0C5953F}.Debug|x64.Build.0 = Debug|x64
		{19F16BBA-AF37-4EC6-A36A-9D76F0C5953F}.Release|x64.ActiveCfg = Release|x64
		{19F16BBA-AF37-4EC6-A36A-9D76F0C5953F}.Release|x64.Build.0 = Release|x64
		{08803B89-09F8-4D53-A884-2F6F26ADD5E}.Debug|x64.ActiveCfg = Debug|x64
		{08803B89-09F8-4D53-A884-2F6F26ADD5E}.Debug|x64.Build.0 = Debug|x64
		{08803B89-09F8-4D53-A884-2F6F26ADD5E}.Release|x64.ActiveCfg = Release|x64
		{08803B89-09F8-4D53-A884-2F6F26ADD5E}.Release|x64.Build.0 = Release|x64
	EndGlobalSection
	GlobalSection(SolutionProperties) = preSolution
		HideSolutionNode = FALSE
	EndGlobalSection
EndGlobal
