Microsoft Visual Studio Solution File, Format Version 12.00
# Visual Studio 2013
VisualStudioVersion = 12.0.30501.0
MinimumVisualStudioVersion = 10.0.40219.1
Project("{8BC9CEB8-8B4A-11D0-8D11-00A0C91BC942}") = "extra_global_cs_param", "extra_global_cs_param.vcxproj", "{5F02B8EF-24E6-440C-8B52-DA365943E01B}"
	ProjectSection(ProjectDependencies) = postProject
		{C9EF537F-0486-429F-9AB3-7DDA1EA12DB5} = {C9EF537F-0486-429F-9AB3-7DDA1EA12DB5}
	EndProjectSection
EndProject
Project("{8BC9CEB8-8B4A-11D0-8D11-00A0C91BC942}") = "runner", "extra_global_cs_param_CODE\runner.vcxproj", "{C9EF537F-0486-429F-9AB3-7DDA1EA12DB5}"
EndProject
Global
	GlobalSection(SolutionConfigurationPlatforms) = preSolution
		Debug|x64 = Debug|x64
		Release|x64 = Release|x64
	EndGlobalSection
	GlobalSection(ProjectConfigurationPlatforms) = postSolution
		{5F02B8EF-24E6-440C-8B52-DA365943E01B}.Debug|x64.ActiveCfg = Debug|x64
		{5F02B8EF-24E6-440C-8B52-DA365943E01B}.Debug|x64.Build.0 = Debug|x64
		{5F02B8EF-24E6-440C-8B52-DA365943E01B}.Release|x64.ActiveCfg = Release|x64
		{5F02B8EF-24E6-440C-8B52-DA365943E01B}.Release|x64.Build.0 = Release|x64
		{C9EF537F-0486-429F-9AB3-7DDA1EA12DB5}.Debug|x64.ActiveCfg = Debug|x64
		{C9EF537F-0486-429F-9AB3-7DDA1EA12DB5}.Debug|x64.Build.0 = Debug|x64
		{C9EF537F-0486-429F-9AB3-7DDA1EA12DB5}.Release|x64.ActiveCfg = Release|x64
		{C9EF537F-0486-429F-9AB3-7DDA1EA12DB5}.Release|x64.Build.0 = Release|x64
	EndGlobalSection
	GlobalSection(SolutionProperties) = preSolution
		HideSolutionNode = FALSE
	EndGlobalSection
EndGlobal
