Microsoft Visual Studio Solution File, Format Version 12.00
# Visual Studio 2013
VisualStudioVersion = 12.0.30501.0
MinimumVisualStudioVersion = 10.0.40219.1
Project("{8BC9CEB8-8B4A-11D0-8D11-00A0C91BC942}") = "decode_matrix_conn_gen_globalg_bitmask", "decode_matrix_conn_gen_globalg_bitmask.vcxproj", "{8E4BF1F5-E608-4C0A-8916-7954FFE79896}"
	ProjectSection(ProjectDependencies) = postProject
		{E200B114-4923-42C6-BF7E-684B7765F910} = {E200B114-4923-42C6-BF7E-684B7765F910}
	EndProjectSection
EndProject
Project("{8BC9CEB8-8B4A-11D0-8D11-00A0C91BC942}") = "runner", "decode_matrix_conn_gen_globalg_bitmask_CODE\runner.vcxproj", "{E200B114-4923-42C6-BF7E-684B7765F910}"
EndProject
Global
	GlobalSection(SolutionConfigurationPlatforms) = preSolution
		Debug|x64 = Debug|x64
		Release|x64 = Release|x64
	EndGlobalSection
	GlobalSection(ProjectConfigurationPlatforms) = postSolution
		{8E4BF1F5-E608-4C0A-8916-7954FFE79896}.Debug|x64.ActiveCfg = Debug|x64
		{8E4BF1F5-E608-4C0A-8916-7954FFE79896}.Debug|x64.Build.0 = Debug|x64
		{8E4BF1F5-E608-4C0A-8916-7954FFE79896}.Release|x64.ActiveCfg = Release|x64
		{8E4BF1F5-E608-4C0A-8916-7954FFE79896}.Release|x64.Build.0 = Release|x64
		{E200B114-4923-42C6-BF7E-684B7765F910}.Debug|x64.ActiveCfg = Debug|x64
		{E200B114-4923-42C6-BF7E-684B7765F910}.Debug|x64.Build.0 = Debug|x64
		{E200B114-4923-42C6-BF7E-684B7765F910}.Release|x64.ActiveCfg = Release|x64
		{E200B114-4923-42C6-BF7E-684B7765F910}.Release|x64.Build.0 = Release|x64
	EndGlobalSection
	GlobalSection(SolutionProperties) = preSolution
		HideSolutionNode = FALSE
	EndGlobalSection
EndGlobal
