Microsoft Visual Studio Solution File, Format Version 12.00
# Visual Studio 2013
VisualStudioVersion = 12.0.30501.0
MinimumVisualStudioVersion = 10.0.40219.1
Project("{8BC9CEB8-8B4A-11D0-8D11-00A0C91BC942}") = "pre_vars_in_sim_code_event_ragged", "pre_vars_in_sim_code_event_ragged.vcxproj", "{118E13DB-AD1F-47DC-9AA9-B65E5A1B9D63}"
	ProjectSection(ProjectDependencies) = postProject
		{A537D2BA-1108-4EBF-BCCA-09403FEB0B46} = {A537D2BA-1108-4EBF-BCCA-09403FEB0B46}
	EndProjectSection
EndProject
Project("{8BC9CEB8-8B4A-11D0-8D11-00A0C91BC942}") = "runner", "pre_vars_in_sim_code_event_ragged_CODE\runner.vcxproj", "{A537D2BA-1108-4EBF-BCCA-09403FEB0B46}"
EndProject
Global
	GlobalSection(SolutionConfigurationPlatforms) = preSolution
		Debug|x64 = Debug|x64
		Release|x64 = Release|x64
	EndGlobalSection
	GlobalSection(ProjectConfigurationPlatforms) = postSolution
		{118E13DB-AD1F-47DC-9AA9-B65E5A1B9D63}.Debug|x64.ActiveCfg = Debug|x64
		{118E13DB-AD1F-47DC-9AA9-B65E5A1B9D63}.Debug|x64.Build.0 = Debug|x64
		{118E13DB-AD1F-47DC-9AA9-B65E5A1B9D63}.Release|x64.ActiveCfg = Release|x64
		{118E13DB-AD1F-47DC-9AA9-B65E5A1B9D63}.Release|x64.Build.0 = Release|x64
		{A537D2BA-1108-4EBF-BCCA-09403FEB0B46}.Debug|x64.ActiveCfg = Debug|x64
		{A537D2BA-1108-4EBF-BCCA-09403FEB0B46}.Debug|x64.Build.0 = Debug|x64
		{A537D2BA-1108-4EBF-BCCA-09403FEB0B46}.Release|x64.ActiveCfg = Release|x64
		{A537D2BA-1108-4EBF-BCCA-09403FEB0B46}.Release|x64.Build.0 = Release|x64
	EndGlobalSection
	GlobalSection(SolutionProperties) = preSolution
		HideSolutionNode = FALSE
	EndGlobalSection
EndGlobal
