Microsoft Visual Studio Solution File, Format Version 12.00
# Visual Studio 2013
VisualStudioVersion = 12.0.30501.0
MinimumVisualStudioVersion = 10.0.40219.1
Project("{8BC9CEB8-8B4A-11D0-8D11-00A0C91BC942}") = "pre_wu_vars_in_sim_code", "pre_wu_vars_in_sim_code.vcxproj", "{4DCA0BD0-7F9C-406C-A282-31DBC43ABB85}"
	ProjectSection(ProjectDependencies) = postProject
		{976B4030-4A5E-4179-AC11-41A7C8176131} = {976B4030-4A5E-4179-AC11-41A7C8176131}
	EndProjectSection
EndProject
Project("{8BC9CEB8-8B4A-11D0-8D11-00A0C91BC942}") = "runner", "pre_wu_vars_in_sim_code_CODE\runner.vcxproj", "{976B4030-4A5E-4179-AC11-41A7C8176131}"
EndProject
Global
	GlobalSection(SolutionConfigurationPlatforms) = preSolution
		Debug|x64 = Debug|x64
		Release|x64 = Release|x64
	EndGlobalSection
	GlobalSection(ProjectConfigurationPlatforms) = postSolution
		{4DCA0BD0-7F9C-406C-A282-31DBC43ABB85}.Debug|x64.ActiveCfg = Debug|x64
		{4DCA0BD0-7F9C-406C-A282-31DBC43ABB85}.Debug|x64.Build.0 = Debug|x64
		{4DCA0BD0-7F9C-406C-A282-31DBC43ABB85}.Release|x64.ActiveCfg = Release|x64
		{4DCA0BD0-7F9C-406C-A282-31DBC43ABB85}.Release|x64.Build.0 = Release|x64
		{976B4030-4A5E-4179-AC11-41A7C8176131}.Debug|x64.ActiveCfg = Debug|x64
		{976B4030-4A5E-4179-AC11-41A7C8176131}.Debug|x64.Build.0 = Debug|x64
		{976B4030-4A5E-4179-AC11-41A7C8176131}.Release|x64.ActiveCfg = Release|x64
		{976B4030-4A5E-4179-AC11-41A7C8176131}.Release|x64.Build.0 = Release|x64
	EndGlobalSection
	GlobalSection(SolutionProperties) = preSolution
		HideSolutionNode = FALSE
	EndGlobalSection
EndGlobal
