Microsoft Visual Studio Solution File, Format Version 12.00
# Visual Studio 2013
VisualStudioVersion = 12.0.30501.0
MinimumVisualStudioVersion = 10.0.40219.1
Project("{8BC9CEB8-8B4A-11D0-8D11-00A0C91BC942}") = "decode_matrix_conn_gen_proceduralg_dense_egp", "decode_matrix_conn_gen_proceduralg_dense_egp.vcxproj", "{4DF4096A-20B0-4094-91E7-B05F52A611C6}"
	ProjectSection(ProjectDependencies) = postProject
		{4EAFD55E-97B9-4034-A353-3E81EABDA31} = {4EAFD55E-97B9-4034-A353-3E81EABDA31}
	EndProjectSection
EndProject
Project("{8BC9CEB8-8B4A-11D0-8D11-00A0C91BC942}") = "runner", "decode_matrix_conn_gen_proceduralg_dense_egp_CODE\runner.vcxproj", "{4EAFD55E-97B9-4034-A353-3E81EABDA31}"
EndProject
Global
	GlobalSection(SolutionConfigurationPlatforms) = preSolution
		Debug|x64 = Debug|x64
		Release|x64 = Release|x64
	EndGlobalSection
	GlobalSection(ProjectConfigurationPlatforms) = postSolution
		{4DF4096A-20B0-4094-91E7-B05F52A611C6}.Debug|x64.ActiveCfg = Debug|x64
		{4DF4096A-20B0-4094-91E7-B05F52A611C6}.Debug|x64.Build.0 = Debug|x64
		{4DF4096A-20B0-4094-91E7-B05F52A611C6}.Release|x64.ActiveCfg = Release|x64
		{4DF4096A-20B0-4094-91E7-B05F52A611C6}.Release|x64.Build.0 = Release|x64
		{4EAFD55E-97B9-4034-A353-3E81EABDA31}.Debug|x64.ActiveCfg = Debug|x64
		{4EAFD55E-97B9-4034-A353-3E81EABDA31}.Debug|x64.Build.0 = Debug|x64
		{4EAFD55E-97B9-4034-A353-3E81EABDA31}.Release|x64.ActiveCfg = Release|x64
		{4EAFD55E-97B9-4034-A353-3E81EABDA31}.Release|x64.Build.0 = Release|x64
	EndGlobalSection
	GlobalSection(SolutionProperties) = preSolution
		HideSolutionNode = FALSE
	EndGlobalSection
EndGlobal
