Microsoft Visual Studio Solution File, Format Version 12.00
# Visual Studio 2013
VisualStudioVersion = 12.0.30501.0
MinimumVisualStudioVersion = 10.0.40219.1
Project("{8BC9CEB8-8B4A-11D0-8D11-00A0C91BC942}") = "decode_matrix_merged_conn_gen_globalg_procedural", "decode_matrix_merged_conn_gen_globalg_procedural.vcxproj", "{3B4F45B5-653D-4C47-BCF5-B5F1ABD19048}"
	ProjectSection(ProjectDependencies) = postProject
		{BB51B84E-E09F-44EA-8D62-6492B40B662} = {BB51B84E-E09F-44EA-8D62-6492B40B662}
	EndProjectSection
EndProject
Project("{8BC9CEB8-8B4A-11D0-8D11-00A0C91BC942}") = "runner", "decode_matrix_merged_conn_gen_globalg_procedural_CODE\runner.vcxproj", "{BB51B84E-E09F-44EA-8D62-6492B40B662}"
EndProject
Global
	GlobalSection(SolutionConfigurationPlatforms) = preSolution
		Debug|x64 = Debug|x64
		Release|x64 = Release|x64
	EndGlobalSection
	GlobalSection(ProjectConfigurationPlatforms) = postSolution
		{3B4F45B5-653D-4C47-BCF5-B5F1ABD19048}.Debug|x64.ActiveCfg = Debug|x64
		{3B4F45B5-653D-4C47-BCF5-B5F1ABD19048}.Debug|x64.Build.0 = Debug|x64
		{3B4F45B5-653D-4C47-BCF5-B5F1ABD19048}.Release|x64.ActiveCfg = Release|x64
		{3B4F45B5-653D-4C47-BCF5-B5F1ABD19048}.Release|x64.Build.0 = Release|x64
		{BB51B84E-E09F-44EA-8D62-6492B40B662}.Debug|x64.ActiveCfg = Debug|x64
		{BB51B84E-E09F-44EA-8D62-6492B40B662}.Debug|x64.Build.0 = Debug|x64
		{BB51B84E-E09F-44EA-8D62-6492B40B662}.Release|x64.ActiveCfg = Release|x64
		{BB51B84E-E09F-44EA-8D62-6492B40B662}.Release|x64.Build.0 = Release|x64
	EndGlobalSection
	GlobalSection(SolutionProperties) = preSolution
		HideSolutionNode = FALSE
	EndGlobalSection
EndGlobal
