Microsoft Visual Studio Solution File, Format Version 12.00
# Visual Studio 2013
VisualStudioVersion = 12.0.30501.0
MinimumVisualStudioVersion = 10.0.40219.1
Project("{8BC9CEB8-8B4A-11D0-8D11-00A0C91BC942}") = "decode_matrix_globalg_bitmask_optimised", "decode_matrix_globalg_bitmask_optimised.vcxproj", "{37B0F1AC-6163-467A-808B-109BF631AC88}"
	ProjectSection(ProjectDependencies) = postProject
		{573700D9-741D-4FEC-80DA-906E72C2F746} = {573700D9-741D-4FEC-80DA-906E72C2F746}
	EndProjectSection
EndProject
Project("{8BC9CEB8-8B4A-11D0-8D11-00A0C91BC942}") = "runner", "decode_matrix_globalg_bitmask_optimised_CODE\runner.vcxproj", "{573700D9-741D-4FEC-80DA-906E72C2F746}"
EndProject
Global
	GlobalSection(SolutionConfigurationPlatforms) = preSolution
		Debug|x64 = Debug|x64
		Release|x64 = Release|x64
	EndGlobalSection
	GlobalSection(ProjectConfigurationPlatforms) = postSolution
		{37B0F1AC-6163-467A-808B-109BF631AC88}.Debug|x64.ActiveCfg = Debug|x64
		{37B0F1AC-6163-467A-808B-109BF631AC88}.Debug|x64.Build.0 = Debug|x64
		{37B0F1AC-6163-467A-808B-109BF631AC88}.Release|x64.ActiveCfg = Release|x64
		{37B0F1AC-6163-467A-808B-109BF631AC88}.Release|x64.Build.0 = Release|x64
		{573700D9-741D-4FEC-80DA-906E72C2F746}.Debug|x64.ActiveCfg = Debug|x64
		{573700D9-741D-4FEC-80DA-906E72C2F746}.Debug|x64.Build.0 = Debug|x64
		{573700D9-741D-4FEC-80DA-906E72C2F746}.Release|x64.ActiveCfg = Release|x64
		{573700D9-741D-4FEC-80DA-906E72C2F746}.Release|x64.Build.0 = Release|x64
	EndGlobalSection
	GlobalSection(SolutionProperties) = preSolution
		HideSolutionNode = FALSE
	EndGlobalSection
EndGlobal
