Microsoft Visual Studio Solution File, Format Version 12.00
# Visual Studio Version 16
VisualStudioVersion = 16.0.30413.136
MinimumVisualStudioVersion = 10.0.40219.1
Project("{8BC9CEB8-8B4A-11D0-8D11-00A0C91BC942}") = "prev_pre_spike_event_time_in_sim", "prev_pre_spike_event_time_in_sim.vcxproj", "{64BC4D32-3218-4C6F-8914-27D1D6868EF0}"
EndProject
Project("{8BC9CEB8-8B4A-11D0-8D11-00A0C91BC942}") = "runner", "prev_pre_spike_event_time_in_sim_CODE\runner.vcxproj", "{6D1BA72D-3BBC-40B2-9844-F74268AA4D00}"
EndProject
Global
	GlobalSection(SolutionConfigurationPlatforms) = preSolution
		Debug|x64 = Debug|x64
		Release|x64 = Release|x64
	EndGlobalSection
	GlobalSection(ProjectConfigurationPlatforms) = postSolution
		{64BC4D32-3218-4C6F-8914-27D1D6868EF0}.Debug|x64.ActiveCfg = Debug|x64
		{64BC4D32-3218-4C6F-8914-27D1D6868EF0}.Debug|x64.Build.0 = Debug|x64
		{64BC4D32-3218-4C6F-8914-27D1D6868EF0}.Release|x64.ActiveCfg = Release|x64
		{64BC4D32-3218-4C6F-8914-27D1D6868EF0}.Release|x64.Build.0 = Release|x64
		{6D1BA72D-3BBC-40B2-9844-F74268AA4D00}.Debug|x64.ActiveCfg = Debug|x64
		{6D1BA72D-3BBC-40B2-9844-F74268AA4D00}.Debug|x64.Build.0 = Debug|x64
		{6D1BA72D-3BBC-40B2-9844-F74268AA4D00}.Release|x64.ActiveCfg = Release|x64
		{6D1BA72D-3BBC-40B2-9844-F74268AA4D00}.Release|x64.Build.0 = Release|x64
	EndGlobalSection
	GlobalSection(SolutionProperties) = preSolution
		HideSolutionNode = FALSE
	EndGlobalSection
	GlobalSection(ExtensibilityGlobals) = postSolution
		SolutionGuid = {88C9CF19-F023-492D-96C9-1105F97DADFA}
	EndGlobalSection
EndGlobal
