Microsoft Visual Studio Solution File, Format Version 12.00
# Visual Studio 2013
VisualStudioVersion = 12.0.30501.0
MinimumVisualStudioVersion = 10.0.40219.1
Project("{8BC9CEB8-8B4A-11D0-8D11-00A0C91BC942}") = "decode_matrix_conn_gen_individualg_dense", "decode_matrix_conn_gen_individualg_dense.vcxproj", "{AD02B67D-F180-4D64-B20D-3CE8DADC07C2}"
	ProjectSection(ProjectDependencies) = postProject
		{A35FE766-F7D8-47C8-A463-62E676D5DAE} = {A35FE766-F7D8-47C8-A463-62E676D5DAE}
	EndProjectSection
EndProject
Project("{8BC9CEB8-8B4A-11D0-8D11-00A0C91BC942}") = "runner", "decode_matrix_conn_gen_individualg_dense_CODE\runner.vcxproj", "{A35FE766-F7D8-47C8-A463-62E676D5DAE}"
EndProject
Global
	GlobalSection(SolutionConfigurationPlatforms) = preSolution
		Debug|x64 = Debug|x64
		Release|x64 = Release|x64
	EndGlobalSection
	GlobalSection(ProjectConfigurationPlatforms) = postSolution
		{AD02B67D-F180-4D64-B20D-3CE8DADC07C2}.Debug|x64.ActiveCfg = Debug|x64
		{AD02B67D-F180-4D64-B20D-3CE8DADC07C2}.Debug|x64.Build.0 = Debug|x64
		{AD02B67D-F180-4D64-B20D-3CE8DADC07C2}.Release|x64.ActiveCfg = Release|x64
		{AD02B67D-F180-4D64-B20D-3CE8DADC07C2}.Release|x64.Build.0 = Release|x64
		{A35FE766-F7D8-47C8-A463-62E676D5DAE}.Debug|x64.ActiveCfg = Debug|x64
		{A35FE766-F7D8-47C8-A463-62E676D5DAE}.Debug|x64.Build.0 = Debug|x64
		{A35FE766-F7D8-47C8-A463-62E676D5DAE}.Release|x64.ActiveCfg = Release|x64
		{A35FE766-F7D8-47C8-A463-62E676D5DAE}.Release|x64.Build.0 = Release|x64
	EndGlobalSection
	GlobalSection(SolutionProperties) = preSolution
		HideSolutionNode = FALSE
	EndGlobalSection
EndGlobal
