<?xml version="1.0" encoding="utf-8"?>
<Project ToolsVersion="4.0" xmlns="http://schemas.microsoft.com/developer/msbuild/2003">
  <ItemGroup>
    <ClCompile Include="code_generator\backendBase.cc" />
    <ClCompile Include="code_generator\backendSIMT.cc" />
    <ClCompile Include="code_generator\codeGenUtils.cc" />
    <ClCompile Include="code_generator\codeStream.cc" />
    <ClCompile Include="code_generator\customUpdateGroupMerged.cc" />
    <ClCompile Include="code_generator\generateModules.cc" />
    <ClCompile Include="code_generator\generateMakefile.cc" />
    <ClCompile Include="code_generator\generateMSBuild.cc" />
    <ClCompile Include="code_generator\generateRunner.cc" />
    <ClCompile Include="code_generator\initGroupMerged.cc" />
    <ClCompile Include="code_generator\neuronUpdateGroupMerged.cc" />
    <ClCompile Include="code_generator\modelSpecMerged.cc" />
    <ClCompile Include="code_generator\presynapticUpdateStrategySIMT.cc" />
    <ClCompile Include="binomial.cc" />
    <ClCompile Include="code_generator\synapseUpdateGroupMerged.cc" />
    <ClCompile Include="currentSource.cc" />
    <ClCompile Include="currentSourceModels.cc" />
    <ClCompile Include="customUpdate.cc" />
    <ClCompile Include="customUpdateModels.cc" />
    <ClCompile Include="initSparseConnectivitySnippet.cc" />
    <ClCompile Include="initToeplitzConnectivitySnippet.cc" />
    <ClCompile Include="initVarSnippet.cc" />
    <ClCompile Include="logging.cc" />
    <ClCompile Include="models.cc" />
    <ClCompile Include="modelSpec.cc" />
    <ClCompile Include="neuronGroup.cc" />
    <ClCompile Include="neuronModels.cc" />
    <ClCompile Include="postsynapticModels.cc" />
    <ClCompile Include="gennUtils.cc" />
    <ClCompile Include="snippet.cc" />
    <ClCompile Include="weightUpdateModels.cc" />
    <ClCompile Include="synapseGroup.cc" />
    <ClCompile Include="transpiler\parser.cc" />
    <ClCompile Include="transpiler\prettyPrinter.cc" />
    <ClCompile Include="transpiler\scanner.cc" />
    <ClCompile Include="transpiler\typeChecker.cc" />
    <ClCompile Include="type.cc" />
    <ClCompile Include="code_generator\customConnectivityUpdateGroupMerged.cc" />
    <ClCompile Include="customConnectivityUpdate.cc" />
    <ClCompile Include="customConnectivityUpdateModels.cc" />
    <ClCompile Include="transpiler\errorHandler.cc" />
    <ClCompile Include="code_generator\environment.cc" />
    <ClCompile Include="code_generator\standardLibrary.cc" />
    <ClCompile Include="code_generator\lazyString.cc" />
    <ClCompile Include="runtime\runtime.cc" />
    <ClCompile Include="code_generator\backendCUDAHIP.cc" />
    <ClCompile Include="code_generator\generateNMakefile.cc" />
  </ItemGroup>
  <ItemGroup>
    <ClInclude Include="..\..\..\include\genn\genn\backendExport.h" />
    <ClInclude Include="..\..\..\include\genn\genn\binomial.h" />
    <ClInclude Include="..\..\..\include\genn\genn\code_generator\backendBase.h" />
    <ClInclude Include="..\..\..\include\genn\genn\code_generator\backendSIMT.h" />
    <ClInclude Include="..\..\..\include\genn\genn\code_generator\codeGenUtils.h" />
    <ClInclude Include="..\..\..\include\genn\genn\code_generator\codeStream.h" />
    <ClInclude Include="..\..\..\include\genn\genn\code_generator\customUpdateGroupMerged.h" />
    <ClInclude Include="..\..\..\include\genn\genn\code_generator\generateModules.h" />
    <ClInclude Include="..\..\..\include\genn\genn\code_generator\generateMakefile.h" />
    <ClInclude Include="..\..\..\include\genn\genn\code_generator\generateMSBuild.h" />
    <ClInclude Include="..\..\..\include\genn\genn\code_generator\generateRunner.h" />
    <ClInclude Include="..\..\..\include\genn\genn\code_generator\groupMerged.h" />
    <ClInclude Include="..\..\..\include\genn\genn\code_generator\initGroupMerged.h" />
    <ClInclude Include="..\..\..\include\genn\genn\code_generator\neuronUpdateGroupMerged.h" />
    <ClInclude Include="..\..\..\include\genn\genn\code_generator\modelSpecMerged.h" />
    <ClInclude Include="..\..\..\include\genn\genn\code_generator\presynapticUpdateStrategySIMT.h" />
    <ClInclude Include="..\..\..\include\genn\genn\code_generator\synapseUpdateGroupMerged.h" />
    <ClInclude Include="..\..\..\include\genn\genn\code_generator\teeStream.h" />
    <ClInclude Include="..\..\..\include\genn\genn\currentSource.h" />
    <ClInclude Include="..\..\..\include\genn\genn\currentSourceInternal.h" />
    <ClInclude Include="..\..\..\include\genn\genn\currentSourceModels.h" />
    <ClInclude Include="..\..\..\include\genn\genn\customUpdate.h" />
    <ClInclude Include="..\..\..\include\genn\genn\customUpdateInternal.h" />
    <ClInclude Include="..\..\..\include\genn\genn\customUpdateModels.h" />
    <ClInclude Include="..\..\..\include\genn\genn\gennExport.h" />
    <ClInclude Include="..\..\..\include\genn\genn\gennUtils.h" />
    <ClInclude Include="..\..\..\include\genn\genn\initSparseConnectivitySnippet.h" />
    <ClInclude Include="..\..\..\include\genn\genn\initToeplitzConnectivitySnippet.h" />
    <ClInclude Include="..\..\..\include\genn\genn\initVarSnippet.h" />
    <ClInclude Include="..\..\..\include\genn\genn\logging.h" />
    <ClInclude Include="..\..\..\include\genn\genn\models.h" />
    <ClInclude Include="..\..\..\include\genn\genn\modelSpec.h" />
    <ClInclude Include="..\..\..\include\genn\genn\modelSpecInternal.h" />
    <ClInclude Include="..\..\..\include\genn\genn\neuronGroup.h" />
    <ClInclude Include="..\..\..\include\genn\genn\neuronGroupInternal.h" />
    <ClInclude Include="..\..\..\include\genn\genn\neuronModels.h" />
    <ClInclude Include="..\..\..\include\genn\genn\postsynapticModels.h" />
    <ClInclude Include="..\..\..\include\genn\genn\snippet.h" />
    <ClInclude Include="..\..\..\include\genn\genn\synapseGroup.h" />
    <ClInclude Include="..\..\..\include\genn\genn\synapseGroupInternal.h" />
    <ClInclude Include="..\..\..\include\genn\genn\synapseMatrixType.h" />
    <ClInclude Include="..\..\..\include\genn\genn\varAccess.h" />
    <ClInclude Include="..\..\..\include\genn\genn\varLocation.h" />
    <ClInclude Include="..\..\..\include\genn\genn\weightUpdateModels.h" />
    <ClInclude Include="..\..\..\include\genn\genn\transpiler\statement.h" />
    <ClInclude Include="..\..\..\include\genn\genn\transpiler\token.h" />
    <ClInclude Include="..\..\..\include\genn\genn\transpiler\typeChecker.h" />
    <ClInclude Include="..\..\..\include\genn\genn\transpiler\errorHandler.h" />
    <ClInclude Include="..\..\..\include\genn\genn\transpiler\expression.h" />
    <ClInclude Include="..\..\..\include\genn\genn\transpiler\parser.h" />
    <ClInclude Include="..\..\..\include\genn\genn\transpiler\prettyPrinter.h" />
    <ClInclude Include="..\..\..\include\genn\genn\transpiler\scanner.h" />
    <ClInclude Include="..\..\..\include\genn\genn\type.h" />
    <ClInclude Include="..\..\..\include\genn\genn\code_generator\customConnectivityUpdateGroupMerged.h" />
    <ClInclude Include="..\..\..\include\genn\genn\customConnectivityUpdate.h" />
    <ClInclude Include="..\..\..\include\genn\genn\customConnectivityUpdateInternal.h" />
    <ClInclude Include="..\..\..\include\genn\genn\customConnectivityUpdateModels.h" />
    <ClInclude Include="..\..\..\include\genn\genn\code_generator\environment.h" />
    <ClInclude Include="..\..\..\include\genn\genn\code_generator\standardLibrary.h" />
    <ClInclude Include="..\..\..\include\genn\genn\code_generator\lazyString.h" />
    <ClInclude Include="..\..\..\include\genn\genn\runtime\runtime.h" />
    <ClInclude Include="..\..\..\include\genn\genn\code_generator\backendCUDAHIP.h" />
    <ClInclude Include="..\..\..\include\genn\genn\code_generator\generateNMakefile.h" />
  </ItemGroup>
  <ItemGroup>
    <None Include="src\header.src" />
  </ItemGroup>
</Project>