
Microsoft Visual Studio Solution File, Format Version 12.00
# Visual Studio 15
VisualStudioVersion = 15.0.27428.2043
MinimumVisualStudioVersion = 10.0.40219.1
Project("{8BC9CEB8-8B4A-11D0-8D11-00A0C91BC942}") = "generate_izh_sparse_runner", "Izh_sparse_project\generate_izh_sparse_runner.vcxproj", "{8E1C64A8-3B93-4806-8DEF-0C162F9DD795}"
EndProject
Project("{8BC9CEB8-8B4A-11D0-8D11-00A0C91BC942}") = "generate_poisson_izh_runner", "PoissonIzh_project\generate_poisson_izh_runner.vcxproj", "{89FB8944-EA4B-40A2-A23B-1FA338AF52F2}"
EndProject
Project("{8BC9CEB8-8B4A-11D0-8D11-00A0C91BC942}") = "generate_one_comp_runner", "OneComp_project\generate_one_comp_runner.vcxproj", "{12F3A353-262D-4954-A9D9-F9E1F919D38B}"
EndProject
Global
	GlobalSection(SolutionConfigurationPlatforms) = preSolution
		Debug|x64 = Debug|x64
		Release|x64 = Release|x64
	EndGlobalSection
	GlobalSection(ProjectConfigurationPlatforms) = postSolution
		{8E1C64A8-3B93-4806-8DEF-0C162F9DD795}.Debug|x64.ActiveCfg = Debug|x64
		{8E1C64A8-3B93-4806-8DEF-0C162F9DD795}.Debug|x64.Build.0 = Debug|x64
		{8E1C64A8-3B93-4806-8DEF-0C162F9DD795}.Release|x64.ActiveCfg = Release|x64
		{8E1C64A8-3B93-4806-8DEF-0C162F9DD795}.Release|x64.Build.0 = Release|x64
		{89FB8944-EA4B-40A2-A23B-1FA338AF52F2}.Debug|x64.ActiveCfg = Debug|x64
		{89FB8944-EA4B-40A2-A23B-1FA338AF52F2}.Debug|x64.Build.0 = Debug|x64
		{89FB8944-EA4B-40A2-A23B-1FA338AF52F2}.Release|x64.ActiveCfg = Release|x64
		{89FB8944-EA4B-40A2-A23B-1FA338AF52F2}.Release|x64.Build.0 = Release|x64
		{12F3A353-262D-4954-A9D9-F9E1F919D38B}.Debug|x64.ActiveCfg = Debug|x64
		{12F3A353-262D-4954-A9D9-F9E1F919D38B}.Debug|x64.Build.0 = Debug|x64
		{12F3A353-262D-4954-A9D9-F9E1F919D38B}.Release|x64.ActiveCfg = Release|x64
		{12F3A353-262D-4954-A9D9-F9E1F919D38B}.Release|x64.Build.0 = Release|x64
	EndGlobalSection
	GlobalSection(SolutionProperties) = preSolution
		HideSolutionNode = FALSE
	EndGlobalSection
	GlobalSection(ExtensibilityGlobals) = postSolution
		SolutionGuid = {DA5C9F2A-34D8-4A81-BB82-B0AC7649AD98}
	EndGlobalSection
EndGlobal
