Microsoft Visual Studio Solution File, Format Version 12.00
# Visual Studio 2013
VisualStudioVersion = 12.0.30501.0
MinimumVisualStudioVersion = 10.0.40219.1
Project("{8BC9CEB8-8B4A-11D0-8D11-00A0C91BC942}") = "pre_vars_in_synapse_dynamics", "pre_vars_in_synapse_dynamics.vcxproj", "{15C40AF9-073E-4554-9ED9-7C0EAA3F8F33}"
	ProjectSection(ProjectDependencies) = postProject
		{48D370E5-45F4-46A3-9B30-8CB6B9C4C161} = {48D370E5-45F4-46A3-9B30-8CB6B9C4C161}
	EndProjectSection
EndProject
Project("{8BC9CEB8-8B4A-11D0-8D11-00A0C91BC942}") = "runner", "pre_vars_in_synapse_dynamics_CODE\runner.vcxproj", "{48D370E5-45F4-46A3-9B30-8CB6B9C4C161}"
EndProject
Global
	GlobalSection(SolutionConfigurationPlatforms) = preSolution
		Debug|x64 = Debug|x64
		Release|x64 = Release|x64
	EndGlobalSection
	GlobalSection(ProjectConfigurationPlatforms) = postSolution
		{15C40AF9-073E-4554-9ED9-7C0EAA3F8F33}.Debug|x64.ActiveCfg = Debug|x64
		{15C40AF9-073E-4554-9ED9-7C0EAA3F8F33}.Debug|x64.Build.0 = Debug|x64
		{15C40AF9-073E-4554-9ED9-7C0EAA3F8F33}.Release|x64.ActiveCfg = Release|x64
		{15C40AF9-073E-4554-9ED9-7C0EAA3F8F33}.Release|x64.Build.0 = Release|x64
		{48D370E5-45F4-46A3-9B30-8CB6B9C4C161}.Debug|x64.ActiveCfg = Debug|x64
		{48D370E5-45F4-46A3-9B30-8CB6B9C4C161}.Debug|x64.Build.0 = Debug|x64
		{48D370E5-45F4-46A3-9B30-8CB6B9C4C161}.Release|x64.ActiveCfg = Release|x64
		{48D370E5-45F4-46A3-9B30-8CB6B9C4C161}.Release|x64.Build.0 = Release|x64
	EndGlobalSection
	GlobalSection(SolutionProperties) = preSolution
		HideSolutionNode = FALSE
	EndGlobalSection
EndGlobal
