Microsoft Visual Studio Solution File, Format Version 12.00
# Visual Studio 2013
VisualStudioVersion = 12.0.30501.0
MinimumVisualStudioVersion = 10.0.40219.1
Project("{8BC9CEB8-8B4A-11D0-8D11-00A0C91BC942}") = "decode_matrix_globalg_bitmask_pre", "decode_matrix_globalg_bitmask_pre.vcxproj", "{422AEE11-4AB5-491E-AE57-A1224A48FF3F}"
	ProjectSection(ProjectDependencies) = postProject
		{7229EEF7-6BF4-4A18-9973-545D47C43DF} = {7229EEF7-6BF4-4A18-9973-545D47C43DF}
	EndProjectSection
EndProject
Project("{8BC9CEB8-8B4A-11D0-8D11-00A0C91BC942}") = "runner", "decode_matrix_globalg_bitmask_pre_CODE\runner.vcxproj", "{7229EEF7-6BF4-4A18-9973-545D47C43DF}"
EndProject
Global
	GlobalSection(SolutionConfigurationPlatforms) = preSolution
		Debug|x64 = Debug|x64
		Release|x64 = Release|x64
	EndGlobalSection
	GlobalSection(ProjectConfigurationPlatforms) = postSolution
		{422AEE11-4AB5-491E-AE57-A1224A48FF3F}.Debug|x64.ActiveCfg = Debug|x64
		{422AEE11-4AB5-491E-AE57-A1224A48FF3F}.Debug|x64.Build.0 = Debug|x64
		{422AEE11-4AB5-491E-AE57-A1224A48FF3F}.Release|x64.ActiveCfg = Release|x64
		{422AEE11-4AB5-491E-AE57-A1224A48FF3F}.Release|x64.Build.0 = Release|x64
		{7229EEF7-6BF4-4A18-9973-545D47C43DF}.Debug|x64.ActiveCfg = Debug|x64
		{7229EEF7-6BF4-4A18-9973-545D47C43DF}.Debug|x64.Build.0 = Debug|x64
		{7229EEF7-6BF4-4A18-9973-545D47C43DF}.Release|x64.ActiveCfg = Release|x64
		{7229EEF7-6BF4-4A18-9973-545D47C43DF}.Release|x64.Build.0 = Release|x64
	EndGlobalSection
	GlobalSection(SolutionProperties) = preSolution
		HideSolutionNode = FALSE
	EndGlobalSection
EndGlobal
