Microsoft Visual Studio Solution File, Format Version 12.00
# Visual Studio 2013
VisualStudioVersion = 12.0.30501.0
MinimumVisualStudioVersion = 10.0.40219.1
Project("{8BC9CEB8-8B4A-11D0-8D11-00A0C91BC942}") = "decode_matrix_conn_gen_globalg_procedural", "decode_matrix_conn_gen_globalg_procedural.vcxproj", "{74554572-DB87-478D-BFC2-BDDBB6EAC925}"
	ProjectSection(ProjectDependencies) = postProject
		{10ECDCEE-82A8-47C1-850D-2CD59FA92F7} = {10ECDCEE-82A8-47C1-850D-2CD59FA92F7}
	EndProjectSection
EndProject
Project("{8BC9CEB8-8B4A-11D0-8D11-00A0C91BC942}") = "runner", "decode_matrix_conn_gen_globalg_procedural_CODE\runner.vcxproj", "{10ECDCEE-82A8-47C1-850D-2CD59FA92F7}"
EndProject
Global
	GlobalSection(SolutionConfigurationPlatforms) = preSolution
		Debug|x64 = Debug|x64
		Release|x64 = Release|x64
	EndGlobalSection
	GlobalSection(ProjectConfigurationPlatforms) = postSolution
		{74554572-DB87-478D-BFC2-BDDBB6EAC925}.Debug|x64.ActiveCfg = Debug|x64
		{74554572-DB87-478D-BFC2-BDDBB6EAC925}.Debug|x64.Build.0 = Debug|x64
		{74554572-DB87-478D-BFC2-BDDBB6EAC925}.Release|x64.ActiveCfg = Release|x64
		{74554572-DB87-478D-BFC2-BDDBB6EAC925}.Release|x64.Build.0 = Release|x64
		{10ECDCEE-82A8-47C1-850D-2CD59FA92F7}.Debug|x64.ActiveCfg = Debug|x64
		{10ECDCEE-82A8-47C1-850D-2CD59FA92F7}.Debug|x64.Build.0 = Debug|x64
		{10ECDCEE-82A8-47C1-850D-2CD59FA92F7}.Release|x64.ActiveCfg = Release|x64
		{10ECDCEE-82A8-47C1-850D-2CD59FA92F7}.Release|x64.Build.0 = Release|x64
	EndGlobalSection
	GlobalSection(SolutionProperties) = preSolution
		HideSolutionNode = FALSE
	EndGlobalSection
EndGlobal
