Microsoft Visual Studio Solution File, Format Version 12.00
# Visual Studio 2013
VisualStudioVersion = 12.0.30501.0
MinimumVisualStudioVersion = 10.0.40219.1
Project("{8BC9CEB8-8B4A-11D0-8D11-00A0C91BC942}") = "custom_update_transpose_batch", "custom_update_transpose_batch.vcxproj", "{D3407B94-5490-4B03-8E44-502E74F6B573}"
	ProjectSection(ProjectDependencies) = postProject
		{836B568E-4396-4A1E-A26E-2BB67EF91116} = {836B568E-4396-4A1E-A26E-2BB67EF91116}
	EndProjectSection
EndProject
Project("{8BC9CEB8-8B4A-11D0-8D11-00A0C91BC942}") = "runner", "custom_update_transpose_batch_CODE\runner.vcxproj", "{836B568E-4396-4A1E-A26E-2BB67EF91116}"
EndProject
Global
	GlobalSection(SolutionConfigurationPlatforms) = preSolution
		Debug|x64 = Debug|x64
		Release|x64 = Release|x64
	EndGlobalSection
	GlobalSection(ProjectConfigurationPlatforms) = postSolution
		{D3407B94-5490-4B03-8E44-502E74F6B573}.Debug|x64.ActiveCfg = Debug|x64
		{D3407B94-5490-4B03-8E44-502E74F6B573}.Debug|x64.Build.0 = Debug|x64
		{D3407B94-5490-4B03-8E44-502E74F6B573}.Release|x64.ActiveCfg = Release|x64
		{D3407B94-5490-4B03-8E44-502E74F6B573}.Release|x64.Build.0 = Release|x64
		{836B568E-4396-4A1E-A26E-2BB67EF91116}.Debug|x64.ActiveCfg = Debug|x64
		{836B568E-4396-4A1E-A26E-2BB67EF91116}.Debug|x64.Build.0 = Debug|x64
		{836B568E-4396-4A1E-A26E-2BB67EF91116}.Release|x64.ActiveCfg = Release|x64
		{836B568E-4396-4A1E-A26E-2BB67EF91116}.Release|x64.Build.0 = Release|x64
	EndGlobalSection
	GlobalSection(SolutionProperties) = preSolution
		HideSolutionNode = FALSE
	EndGlobalSection
EndGlobal
