Microsoft Visual Studio Solution File, Format Version 12.00
# Visual Studio 2013
VisualStudioVersion = 12.0.30501.0
MinimumVisualStudioVersion = 10.0.40219.1
Project("{8BC9CEB8-8B4A-11D0-8D11-00A0C91BC942}") = "custom_connectivity_update_remove", "custom_connectivity_update_remove.vcxproj", "{8056DF39-7942-45A3-A013-B3481C7A4A94}"
	ProjectSection(ProjectDependencies) = postProject
		{A063AC2E-EF04-4002-9339-5E123F221870} = {A063AC2E-EF04-4002-9339-5E123F221870}
	EndProjectSection
EndProject
Project("{8BC9CEB8-8B4A-11D0-8D11-00A0C91BC942}") = "runner", "custom_connectivity_update_remove_CODE\runner.vcxproj", "{A063AC2E-EF04-4002-9339-5E123F221870}"
EndProject
Global
	GlobalSection(SolutionConfigurationPlatforms) = preSolution
		Debug|x64 = Debug|x64
		Release|x64 = Release|x64
	EndGlobalSection
	GlobalSection(ProjectConfigurationPlatforms) = postSolution
		{8056DF39-7942-45A3-A013-B3481C7A4A94}.Debug|x64.ActiveCfg = Debug|x64
		{8056DF39-7942-45A3-A013-B3481C7A4A94}.Debug|x64.Build.0 = Debug|x64
		{8056DF39-7942-45A3-A013-B3481C7A4A94}.Release|x64.ActiveCfg = Release|x64
		{8056DF39-7942-45A3-A013-B3481C7A4A94}.Release|x64.Build.0 = Release|x64
		{A063AC2E-EF04-4002-9339-5E123F221870}.Debug|x64.ActiveCfg = Debug|x64
		{A063AC2E-EF04-4002-9339-5E123F221870}.Debug|x64.Build.0 = Debug|x64
		{A063AC2E-EF04-4002-9339-5E123F221870}.Release|x64.ActiveCfg = Release|x64
		{A063AC2E-EF04-4002-9339-5E123F221870}.Release|x64.Build.0 = Release|x64
	EndGlobalSection
	GlobalSection(SolutionProperties) = preSolution
		HideSolutionNode = FALSE
	EndGlobalSection
EndGlobal
