Microsoft Visual Studio Solution File, Format Version 12.00
# Visual Studio 2013
VisualStudioVersion = 12.0.30501.0
MinimumVisualStudioVersion = 10.0.40219.1
Project("{8BC9CEB8-8B4A-11D0-8D11-00A0C91BC942}") = "post_vars_in_post_learn_ragged", "post_vars_in_post_learn_ragged.vcxproj", "{13868B55-631D-4446-B65E-70F1AE8AB5F0}"
	ProjectSection(ProjectDependencies) = postProject
		{ADCBF27E-CF22-4371-9E28-70CFDC5761BF} = {ADCBF27E-CF22-4371-9E28-70CFDC5761BF}
	EndProjectSection
EndProject
Project("{8BC9CEB8-8B4A-11D0-8D11-00A0C91BC942}") = "runner", "post_vars_in_post_learn_ragged_CODE\runner.vcxproj", "{ADCBF27E-CF22-4371-9E28-70CFDC5761BF}"
EndProject
Global
	GlobalSection(SolutionConfigurationPlatforms) = preSolution
		Debug|x64 = Debug|x64
		Release|x64 = Release|x64
	EndGlobalSection
	GlobalSection(ProjectConfigurationPlatforms) = postSolution
		{13868B55-631D-4446-B65E-70F1AE8AB5F0}.Debug|x64.ActiveCfg = Debug|x64
		{13868B55-631D-4446-B65E-70F1AE8AB5F0}.Debug|x64.Build.0 = Debug|x64
		{13868B55-631D-4446-B65E-70F1AE8AB5F0}.Release|x64.ActiveCfg = Release|x64
		{13868B55-631D-4446-B65E-70F1AE8AB5F0}.Release|x64.Build.0 = Release|x64
		{ADCBF27E-CF22-4371-9E28-70CFDC5761BF}.Debug|x64.ActiveCfg = Debug|x64
		{ADCBF27E-CF22-4371-9E28-70CFDC5761BF}.Debug|x64.Build.0 = Debug|x64
		{ADCBF27E-CF22-4371-9E28-70CFDC5761BF}.Release|x64.ActiveCfg = Release|x64
		{ADCBF27E-CF22-4371-9E28-70CFDC5761BF}.Release|x64.Build.0 = Release|x64
	EndGlobalSection
	GlobalSection(SolutionProperties) = preSolution
		HideSolutionNode = FALSE
	EndGlobalSection
EndGlobal
