Microsoft Visual Studio Solution File, Format Version 12.00
# Visual Studio 2013
VisualStudioVersion = 12.0.30501.0
MinimumVisualStudioVersion = 10.0.40219.1
Project("{8BC9CEB8-8B4A-11D0-8D11-00A0C91BC942}") = "decode_matrix_conn_gen_proceduralg_procedural_kernel", "decode_matrix_conn_gen_proceduralg_procedural_kernel.vcxproj", "{C9EE2CB4-B00C-4398-AF23-59D1DA5CC4D3}"
	ProjectSection(ProjectDependencies) = postProject
		{A0BE0D13-3163-43BE-8628-9363C1FB7C44} = {A0BE0D13-3163-43BE-8628-9363C1FB7C44}
	EndProjectSection
EndProject
Project("{8BC9CEB8-8B4A-11D0-8D11-00A0C91BC942}") = "runner", "decode_matrix_conn_gen_proceduralg_procedural_kernel_CODE\runner.vcxproj", "{A0BE0D13-3163-43BE-8628-9363C1FB7C44}"
EndProject
Global
	GlobalSection(SolutionConfigurationPlatforms) = preSolution
		Debug|x64 = Debug|x64
		Release|x64 = Release|x64
	EndGlobalSection
	GlobalSection(ProjectConfigurationPlatforms) = postSolution
		{C9EE2CB4-B00C-4398-AF23-59D1DA5CC4D3}.Debug|x64.ActiveCfg = Debug|x64
		{C9EE2CB4-B00C-4398-AF23-59D1DA5CC4D3}.Debug|x64.Build.0 = Debug|x64
		{C9EE2CB4-B00C-4398-AF23-59D1DA5CC4D3}.Release|x64.ActiveCfg = Release|x64
		{C9EE2CB4-B00C-4398-AF23-59D1DA5CC4D3}.Release|x64.Build.0 = Release|x64
		{A0BE0D13-3163-43BE-8628-9363C1FB7C44}.Debug|x64.ActiveCfg = Debug|x64
		{A0BE0D13-3163-43BE-8628-9363C1FB7C44}.Debug|x64.Build.0 = Debug|x64
		{A0BE0D13-3163-43BE-8628-9363C1FB7C44}.Release|x64.ActiveCfg = Release|x64
		{A0BE0D13-3163-43BE-8628-9363C1FB7C44}.Release|x64.Build.0 = Release|x64
	EndGlobalSection
	GlobalSection(SolutionProperties) = preSolution
		HideSolutionNode = FALSE
	EndGlobalSection
EndGlobal
