Microsoft Visual Studio Solution File, Format Version 12.00
# Visual Studio 2013
VisualStudioVersion = 12.0.30501.0
MinimumVisualStudioVersion = 10.0.40219.1
Project("{8BC9CEB8-8B4A-11D0-8D11-00A0C91BC942}") = "SynDelay", "SynDelay.vcxproj", "{F0B443F5-DA6B-4128-AE3E-D37D1D4898E7}"
	ProjectSection(ProjectDependencies) = postProject
		{AD237AC8-B3F0-4132-9F30-9F2103EDE4} = {AD237AC8-B3F0-4132-9F30-9F2103EDE4}
	EndProjectSection
EndProject
Project("{8BC9CEB8-8B4A-11D0-8D11-00A0C91BC942}") = "runner", "SynDelay_CODE\runner.vcxproj", "{AD237AC8-B3F0-4132-9F30-9F2103EDE4}"
EndProject
Global
	GlobalSection(SolutionConfigurationPlatforms) = preSolution
		Debug|x64 = Debug|x64
		Release|x64 = Release|x64
	EndGlobalSection
	GlobalSection(ProjectConfigurationPlatforms) = postSolution
		{F0B443F5-DA6B-4128-AE3E-D37D1D4898E7}.Debug|x64.ActiveCfg = Debug|x64
		{F0B443F5-DA6B-4128-AE3E-D37D1D4898E7}.Debug|x64.Build.0 = Debug|x64
		{F0B443F5-DA6B-4128-AE3E-D37D1D4898E7}.Release|x64.ActiveCfg = Release|x64
		{F0B443F5-DA6B-4128-AE3E-D37D1D4898E7}.Release|x64.Build.0 = Release|x64
		{AD237AC8-B3F0-4132-9F30-9F2103EDE4}.Debug|x64.ActiveCfg = Debug|x64
		{AD237AC8-B3F0-4132-9F30-9F2103EDE4}.Debug|x64.Build.0 = Debug|x64
		{AD237AC8-B3F0-4132-9F30-9F2103EDE4}.Release|x64.ActiveCfg = Release|x64
		{AD237AC8-B3F0-4132-9F30-9F2103EDE4}.Release|x64.Build.0 = Release|x64
	EndGlobalSection
	GlobalSection(SolutionProperties) = preSolution
		HideSolutionNode = FALSE
	EndGlobalSection
EndGlobal
