Microsoft Visual Studio Solution File, Format Version 12.00
# Visual Studio 2013
VisualStudioVersion = 12.0.30501.0
MinimumVisualStudioVersion = 10.0.40219.1
Project("{8BC9CEB8-8B4A-11D0-8D11-00A0C91BC942}") = "pre_vars_in_sim_code_ragged", "pre_vars_in_sim_code_ragged.vcxproj", "{FCE74D1E-1A69-48C9-ADA0-7773D3ADA3F8}"
	ProjectSection(ProjectDependencies) = postProject
		{1F4A6CAA-2A69-4ACA-A9D5-835B708B9BCE} = {1F4A6CAA-2A69-4ACA-A9D5-835B708B9BCE}
	EndProjectSection
EndProject
Project("{8BC9CEB8-8B4A-11D0-8D11-00A0C91BC942}") = "runner", "pre_vars_in_sim_code_ragged_CODE\runner.vcxproj", "{1F4A6CAA-2A69-4ACA-A9D5-835B708B9BCE}"
EndProject
Global
	GlobalSection(SolutionConfigurationPlatforms) = preSolution
		Debug|x64 = Debug|x64
		Release|x64 = Release|x64
	EndGlobalSection
	GlobalSection(ProjectConfigurationPlatforms) = postSolution
		{FCE74D1E-1A69-48C9-ADA0-7773D3ADA3F8}.Debug|x64.ActiveCfg = Debug|x64
		{FCE74D1E-1A69-48C9-ADA0-7773D3ADA3F8}.Debug|x64.Build.0 = Debug|x64
		{FCE74D1E-1A69-48C9-ADA0-7773D3ADA3F8}.Release|x64.ActiveCfg = Release|x64
		{FCE74D1E-1A69-48C9-ADA0-7773D3ADA3F8}.Release|x64.Build.0 = Release|x64
		{1F4A6CAA-2A69-4ACA-A9D5-835B708B9BCE}.Debug|x64.ActiveCfg = Debug|x64
		{1F4A6CAA-2A69-4ACA-A9D5-835B708B9BCE}.Debug|x64.Build.0 = Debug|x64
		{1F4A6CAA-2A69-4ACA-A9D5-835B708B9BCE}.Release|x64.ActiveCfg = Release|x64
		{1F4A6CAA-2A69-4ACA-A9D5-835B708B9BCE}.Release|x64.Build.0 = Release|x64
	EndGlobalSection
	GlobalSection(SolutionProperties) = preSolution
		HideSolutionNode = FALSE
	EndGlobalSection
EndGlobal
