Microsoft Visual Studio Solution File, Format Version 12.00
# Visual Studio 2013
VisualStudioVersion = 12.0.30501.0
MinimumVisualStudioVersion = 10.0.40219.1
Project("{8BC9CEB8-8B4A-11D0-8D11-00A0C91BC942}") = "synapse_support_code_event_threshold", "synapse_support_code_event_threshold.vcxproj", "{B4A18344-30FD-4BE9-ABBD-8854E798B4A0}"
	ProjectSection(ProjectDependencies) = postProject
		{820A9A64-27E7-4117-98FC-43A144C5DE14} = {820A9A64-27E7-4117-98FC-43A144C5DE14}
	EndProjectSection
EndProject
Project("{8BC9CEB8-8B4A-11D0-8D11-00A0C91BC942}") = "runner", "synapse_support_code_event_threshold_CODE\runner.vcxproj", "{820A9A64-27E7-4117-98FC-43A144C5DE14}"
EndProject
Global
	GlobalSection(SolutionConfigurationPlatforms) = preSolution
		Debug|x64 = Debug|x64
		Release|x64 = Release|x64
	EndGlobalSection
	GlobalSection(ProjectConfigurationPlatforms) = postSolution
		{B4A18344-30FD-4BE9-ABBD-8854E798B4A0}.Debug|x64.ActiveCfg = Debug|x64
		{B4A18344-30FD-4BE9-ABBD-8854E798B4A0}.Debug|x64.Build.0 = Debug|x64
		{B4A18344-30FD-4BE9-ABBD-8854E798B4A0}.Release|x64.ActiveCfg = Release|x64
		{B4A18344-30FD-4BE9-ABBD-8854E798B4A0}.Release|x64.Build.0 = Release|x64
		{820A9A64-27E7-4117-98FC-43A144C5DE14}.Debug|x64.ActiveCfg = Debug|x64
		{820A9A64-27E7-4117-98FC-43A144C5DE14}.Debug|x64.Build.0 = Debug|x64
		{820A9A64-27E7-4117-98FC-43A144C5DE14}.Release|x64.ActiveCfg = Release|x64
		{820A9A64-27E7-4117-98FC-43A144C5DE14}.Release|x64.Build.0 = Release|x64
	EndGlobalSection
	GlobalSection(SolutionProperties) = preSolution
		HideSolutionNode = FALSE
	EndGlobalSection
EndGlobal
